PODS:
  - HOFA (1.0.4):
    - HOFA/ProtoType (= 1.0.4)
    - HOFA/Safe (= 1.0.4)
    - HOFA/Throttle (= 1.0.4)
    - HOFA/Timer (= 1.0.4)
  - HOFA/ProtoType (1.0.4)
  - HOFA/Safe (1.0.4)
  - HOFA/Throttle (1.0.4)
  - HOFA/Timer (1.0.4)

DEPENDENCIES:
  - HOFA (from `/Users/ios/Desktop/gitSpot/HOFA/`)

EXTERNAL SOURCES:
  HOFA:
    :path: "/Users/ios/Desktop/gitSpot/HOFA/"

SPEC CHECKSUMS:
  HOFA: ac6376f7ebb6f754f0371017c292fc7ecc1a4e24

PODFILE CHECKSUM: a0f8aba5f1557641905f4585368cd876d18eeff3

COCOAPODS: 1.10.0
